
Microsoft Visual Studio Solution File, Format Version 12.00
# Visual Studio Version 17
VisualStudioVersion = 17.4.33213.308
MinimumVisualStudioVersion = 10.0.40219.1
Project("{9A19103F-16F7-4668-BE54-9A1E7A4F7556}") = "Gateway_Solution", "Gateway_Solution\Gateway_Solution.csproj", "{C687528E-0507-4246-9F9F-159653539525}"
EndProject
Project("{9A19103F-16F7-4668-BE54-9A1E7A4F7556}") = "Patient_Services", "BackendSolutions\PatientSolution\Services\Patient_Services.csproj", "{7EB24FDE-ADDC-4FC5-A47B-9EDB7EFE85B3}"
EndProject
Project("{9A19103F-16F7-4668-BE54-9A1E7A4F7556}") = "Patient_Models", "BackendSolutions\PatientSolution\Models\Patient_Models.csproj", "{BFF2CD99-22B5-4701-97E7-36C4C5B9E144}"
EndProject
Project("{9A19103F-16F7-4668-BE54-9A1E7A4F7556}") = "Patient_DataEntities", "BackendSolutions\PatientSolution\Entities\Patient_DataEntities.csproj", "{3DE77454-A8FA-4B4F-B078-35822CD9C455}"
EndProject
Project("{9A19103F-16F7-4668-BE54-9A1E7A4F7556}") = "Patient_Logic", "BackendSolutions\PatientSolution\Patient_Logic\Patient_Logic.csproj", "{E0CCD1A4-F96D-4124-AC7A-0EA2A89CD1E0}"
EndProject
Global
	GlobalSection(SolutionConfigurationPlatforms) = preSolution
		Debug|Any CPU = Debug|Any CPU
		Release|Any CPU = Release|Any CPU
	EndGlobalSection
	GlobalSection(ProjectConfigurationPlatforms) = postSolution
		{C687528E-0507-4246-9F9F-159653539525}.Debug|Any CPU.ActiveCfg = Debug|Any CPU
		{C687528E-0507-4246-9F9F-159653539525}.Debug|Any CPU.Build.0 = Debug|Any CPU
		{C687528E-0507-4246-9F9F-159653539525}.Release|Any CPU.ActiveCfg = Release|Any CPU
		{C687528E-0507-4246-9F9F-159653539525}.Release|Any CPU.Build.0 = Release|Any CPU
		{7EB24FDE-ADDC-4FC5-A47B-9EDB7EFE85B3}.Debug|Any CPU.ActiveCfg = Debug|Any CPU
		{7EB24FDE-ADDC-4FC5-A47B-9EDB7EFE85B3}.Debug|Any CPU.Build.0 = Debug|Any CPU
		{7EB24FDE-ADDC-4FC5-A47B-9EDB7EFE85B3}.Release|Any CPU.ActiveCfg = Release|Any CPU
		{7EB24FDE-ADDC-4FC5-A47B-9EDB7EFE85B3}.Release|Any CPU.Build.0 = Release|Any CPU
		{BFF2CD99-22B5-4701-97E7-36C4C5B9E144}.Debug|Any CPU.ActiveCfg = Debug|Any CPU
		{BFF2CD99-22B5-4701-97E7-36C4C5B9E144}.Debug|Any CPU.Build.0 = Debug|Any CPU
		{BFF2CD99-22B5-4701-97E7-36C4C5B9E144}.Release|Any CPU.ActiveCfg = Release|Any CPU
		{BFF2CD99-22B5-4701-97E7-36C4C5B9E144}.Release|Any CPU.Build.0 = Release|Any CPU
		{3DE77454-A8FA-4B4F-B078-35822CD9C455}.Debug|Any CPU.ActiveCfg = Debug|Any CPU
		{3DE77454-A8FA-4B4F-B078-35822CD9C455}.Debug|Any CPU.Build.0 = Debug|Any CPU
		{3DE77454-A8FA-4B4F-B078-35822CD9C455}.Release|Any CPU.ActiveCfg = Release|Any CPU
		{3DE77454-A8FA-4B4F-B078-35822CD9C455}.Release|Any CPU.Build.0 = Release|Any CPU
		{E0CCD1A4-F96D-4124-AC7A-0EA2A89CD1E0}.Debug|Any CPU.ActiveCfg = Debug|Any CPU
		{E0CCD1A4-F96D-4124-AC7A-0EA2A89CD1E0}.Debug|Any CPU.Build.0 = Debug|Any CPU
		{E0CCD1A4-F96D-4124-AC7A-0EA2A89CD1E0}.Release|Any CPU.ActiveCfg = Release|Any CPU
		{E0CCD1A4-F96D-4124-AC7A-0EA2A89CD1E0}.Release|Any CPU.Build.0 = Release|Any CPU
	EndGlobalSection
	GlobalSection(SolutionProperties) = preSolution
		HideSolutionNode = FALSE
	EndGlobalSection
	GlobalSection(ExtensibilityGlobals) = postSolution
		SolutionGuid = {327C6724-5750-4A16-BBBD-977B30C9663F}
	EndGlobalSection
EndGlobal
