
Microsoft Visual Studio Solution File, Format Version 12.00
# Visual Studio Version 17
VisualStudioVersion = 17.4.33205.214
MinimumVisualStudioVersion = 10.0.40219.1
Project("{9A19103F-16F7-4668-BE54-9A1E7A4F7556}") = "BusinessLogic", "BusinessLogic\BusinessLogic.csproj", "{4DAECF74-D0C0-41A0-9E23-2C7A8DC8936C}"
EndProject
Project("{9A19103F-16F7-4668-BE54-9A1E7A4F7556}") = "DataEntities", "Entities\DataEntities.csproj", "{1CEE8CFE-3ACC-4CF3-B2C3-69867144FC51}"
EndProject
Project("{9A19103F-16F7-4668-BE54-9A1E7A4F7556}") = "Models", "Models\Models.csproj", "{68DAD94D-CC03-4B52-8958-BB1A937D224C}"
EndProject
Project("{9A19103F-16F7-4668-BE54-9A1E7A4F7556}") = "Services", "Services\Services.csproj", "{1B0359EE-7DFD-4367-8549-50788D59412A}"
EndProject
Project("{FAE04EC0-301F-11D3-BF4B-00C04F79EFBC}") = "Testing", "Testing\Testing.csproj", "{8D149266-A1A2-4BE9-8B6F-9A439A3F983A}"
EndProject
Global
	GlobalSection(SolutionConfigurationPlatforms) = preSolution
		Debug|Any CPU = Debug|Any CPU
		Release|Any CPU = Release|Any CPU
	EndGlobalSection
	GlobalSection(ProjectConfigurationPlatforms) = postSolution
		{4DAECF74-D0C0-41A0-9E23-2C7A8DC8936C}.Debug|Any CPU.ActiveCfg = Debug|Any CPU
		{4DAECF74-D0C0-41A0-9E23-2C7A8DC8936C}.Debug|Any CPU.Build.0 = Debug|Any CPU
		{4DAECF74-D0C0-41A0-9E23-2C7A8DC8936C}.Release|Any CPU.ActiveCfg = Release|Any CPU
		{4DAECF74-D0C0-41A0-9E23-2C7A8DC8936C}.Release|Any CPU.Build.0 = Release|Any CPU
		{1CEE8CFE-3ACC-4CF3-B2C3-69867144FC51}.Debug|Any CPU.ActiveCfg = Debug|Any CPU
		{1CEE8CFE-3ACC-4CF3-B2C3-69867144FC51}.Debug|Any CPU.Build.0 = Debug|Any CPU
		{1CEE8CFE-3ACC-4CF3-B2C3-69867144FC51}.Release|Any CPU.ActiveCfg = Release|Any CPU
		{1CEE8CFE-3ACC-4CF3-B2C3-69867144FC51}.Release|Any CPU.Build.0 = Release|Any CPU
		{68DAD94D-CC03-4B52-8958-BB1A937D224C}.Debug|Any CPU.ActiveCfg = Debug|Any CPU
		{68DAD94D-CC03-4B52-8958-BB1A937D224C}.Debug|Any CPU.Build.0 = Debug|Any CPU
		{68DAD94D-CC03-4B52-8958-BB1A937D224C}.Release|Any CPU.ActiveCfg = Release|Any CPU
		{68DAD94D-CC03-4B52-8958-BB1A937D224C}.Release|Any CPU.Build.0 = Release|Any CPU
		{1B0359EE-7DFD-4367-8549-50788D59412A}.Debug|Any CPU.ActiveCfg = Debug|Any CPU
		{1B0359EE-7DFD-4367-8549-50788D59412A}.Debug|Any CPU.Build.0 = Debug|Any CPU
		{1B0359EE-7DFD-4367-8549-50788D59412A}.Release|Any CPU.ActiveCfg = Release|Any CPU
		{1B0359EE-7DFD-4367-8549-50788D59412A}.Release|Any CPU.Build.0 = Release|Any CPU
		{8D149266-A1A2-4BE9-8B6F-9A439A3F983A}.Debug|Any CPU.ActiveCfg = Debug|Any CPU
		{8D149266-A1A2-4BE9-8B6F-9A439A3F983A}.Debug|Any CPU.Build.0 = Debug|Any CPU
		{8D149266-A1A2-4BE9-8B6F-9A439A3F983A}.Release|Any CPU.ActiveCfg = Release|Any CPU
		{8D149266-A1A2-4BE9-8B6F-9A439A3F983A}.Release|Any CPU.Build.0 = Release|Any CPU
	EndGlobalSection
	GlobalSection(SolutionProperties) = preSolution
		HideSolutionNode = FALSE
	EndGlobalSection
	GlobalSection(ExtensibilityGlobals) = postSolution
		SolutionGuid = {C5ADFD80-264D-48ED-A23E-955F2F05A499}
	EndGlobalSection
EndGlobal
